// !$*UTF8*$!
{
	archiveVersion = 1;
	classes = {
	};
	objectVersion = 50;
	objects = {

/* Begin PBXBuildFile section */
		2C80DD6123C7C6750018CF99 /* AppDelegate.swift in Sources */ = {isa = PBXBuildFile; fileRef = 2C80DD6023C7C6750018CF99 /* AppDelegate.swift */; };
		2C80DD6323C7C6750018CF99 /* LoginViewController.swift in Sources */ = {isa = PBXBuildFile; fileRef = 2C80DD6223C7C6750018CF99 /* LoginViewController.swift */; };
		2C80DD6923C7C6750018CF99 /* Focus_Group___Snap_Login_Kit.xcdatamodeld in Sources */ = {isa = PBXBuildFile; fileRef = 2C80DD6723C7C6750018CF99 /* Focus_Group___Snap_Login_Kit.xcdatamodeld */; };
		2C80DD6B23C7C6780018CF99 /* Assets.xcassets in Resources */ = {isa = PBXBuildFile; fileRef = 2C80DD6A23C7C6780018CF99 /* Assets.xcassets */; };
		2C80DD6E23C7C6780018CF99 /* LaunchScreen.storyboard in Resources */ = {isa = PBXBuildFile; fileRef = 2C80DD6C23C7C6780018CF99 /* LaunchScreen.storyboard */; };
		2C80DD7923C7C6780018CF99 /* Focus_Group___Snap_Login_KitTests.swift in Sources */ = {isa = PBXBuildFile; fileRef = 2C80DD7823C7C6780018CF99 /* Focus_Group___Snap_Login_KitTests.swift */; };
		2C80DD8423C7C6780018CF99 /* Focus_Group___Snap_Login_KitUITests.swift in Sources */ = {isa = PBXBuildFile; fileRef = 2C80DD8323C7C6780018CF99 /* Focus_Group___Snap_Login_KitUITests.swift */; };
		2C80DD9323C7C82A0018CF99 /* Main.storyboard in Resources */ = {isa = PBXBuildFile; fileRef = 2C80DD9223C7C82A0018CF99 /* Main.storyboard */; };
/* End PBXBuildFile section */

/* Begin PBXContainerItemProxy section */
		2C80DD7523C7C6780018CF99 /* PBXContainerItemProxy */ = {
			isa = PBXContainerItemProxy;
			containerPortal = 2C80DD5523C7C6750018CF99 /* Project object */;
			proxyType = 1;
			remoteGlobalIDString = 2C80DD5C23C7C6750018CF99;
			remoteInfo = "Focus Group - Snap Login Kit";
		};
		2C80DD8023C7C6780018CF99 /* PBXContainerItemProxy */ = {
			isa = PBXContainerItemProxy;
			containerPortal = 2C80DD5523C7C6750018CF99 /* Project object */;
			proxyType = 1;
			remoteGlobalIDString = 2C80DD5C23C7C6750018CF99;
			remoteInfo = "Focus Group - Snap Login Kit";
		};
/* End PBXContainerItemProxy section */

/* Begin PBXFileReference section */
		2C80DD5D23C7C6750018CF99 /* Focus Group - Snap Login Kit.app */ = {isa = PBXFileReference; explicitFileType = wrapper.application; includeInIndex = 0; path = "Focus Group - Snap Login Kit.app"; sourceTree = BUILT_PRODUCTS_DIR; };
		2C80DD6023C7C6750018CF99 /* AppDelegate.swift */ = {isa = PBXFileReference; lastKnownFileType = sourcecode.swift; path = AppDelegate.swift; sourceTree = "<group>"; };
		2C80DD6223C7C6750018CF99 /* LoginViewController.swift */ = {isa = PBXFileReference; lastKnownFileType = sourcecode.swift; path = LoginViewController.swift; sourceTree = "<group>"; };
		2C80DD6823C7C6750018CF99 /* Focus_Group___Snap_Login_Kit.xcdatamodel */ = {isa = PBXFileReference; lastKnownFileType = wrapper.xcdatamodel; path = "Focus_Group___Snap_Login_Kit.xcdatamodel"; sourceTree = "<group>"; };
		2C80DD6A23C7C6780018CF99 /* Assets.xcassets */ = {isa = PBXFileReference; lastKnownFileType = folder.assetcatalog; path = Assets.xcassets; sourceTree = "<group>"; };
		2C80DD6D23C7C6780018CF99 /* Base */ = {isa = PBXFileReference; lastKnownFileType = file.storyboard; name = Base; path = Base.lproj/LaunchScreen.storyboard; sourceTree = "<group>"; };
		2C80DD6F23C7C6780018CF99 /* Info.plist */ = {isa = PBXFileReference; lastKnownFileType = text.plist.xml; path = Info.plist; sourceTree = "<group>"; };
		2C80DD7423C7C6780018CF99 /* Focus Group - Snap Login KitTests.xctest */ = {isa = PBXFileReference; explicitFileType = wrapper.cfbundle; includeInIndex = 0; path = "Focus Group - Snap Login KitTests.xctest"; sourceTree = BUILT_PRODUCTS_DIR; };
		2C80DD7823C7C6780018CF99 /* Focus_Group___Snap_Login_KitTests.swift */ = {isa = PBXFileReference; lastKnownFileType = sourcecode.swift; path = "Focus_Group___Snap_Login_KitTests.swift"; sourceTree = "<group>"; };
		2C80DD7A23C7C6780018CF99 /* Info.plist */ = {isa = PBXFileReference; lastKnownFileType = text.plist.xml; path = Info.plist; sourceTree = "<group>"; };
		2C80DD7F23C7C6780018CF99 /* Focus Group - Snap Login KitUITests.xctest */ = {isa = PBXFileReference; explicitFileType = wrapper.cfbundle; includeInIndex = 0; path = "Focus Group - Snap Login KitUITests.xctest"; sourceTree = BUILT_PRODUCTS_DIR; };
		2C80DD8323C7C6780018CF99 /* Focus_Group___Snap_Login_KitUITests.swift */ = {isa = PBXFileReference; lastKnownFileType = sourcecode.swift; path = "Focus_Group___Snap_Login_KitUITests.swift"; sourceTree = "<group>"; };
		2C80DD8523C7C6780018CF99 /* Info.plist */ = {isa = PBXFileReference; lastKnownFileType = text.plist.xml; path = Info.plist; sourceTree = "<group>"; };
		2C80DD9223C7C82A0018CF99 /* Main.storyboard */ = {isa = PBXFileReference; fileEncoding = 4; lastKnownFileType = file.storyboard; path = Main.storyboard; sourceTree = "<group>"; };
/* End PBXFileReference section */

/* Begin PBXFrameworksBuildPhase section */
		2C80DD5A23C7C6750018CF99 /* Frameworks */ = {
			isa = PBXFrameworksBuildPhase;
			buildActionMask = 2147483647;
			files = (
			);
			runOnlyForDeploymentPostprocessing = 0;
		};
		2C80DD7123C7C6780018CF99 /* Frameworks */ = {
			isa = PBXFrameworksBuildPhase;
			buildActionMask = 2147483647;
			files = (
			);
			runOnlyForDeploymentPostprocessing = 0;
		};
		2C80DD7C23C7C6780018CF99 /* Frameworks */ = {
			isa = PBXFrameworksBuildPhase;
			buildActionMask = 2147483647;
			files = (
			);
			runOnlyForDeploymentPostprocessing = 0;
		};
/* End PBXFrameworksBuildPhase section */

/* Begin PBXGroup section */
		2C80DD5423C7C6750018CF99 = {
			isa = PBXGroup;
			children = (
				2C80DD5F23C7C6750018CF99 /* Focus Group - Snap Login Kit */,
				2C80DD7723C7C6780018CF99 /* Focus Group - Snap Login KitTests */,
				2C80DD8223C7C6780018CF99 /* Focus Group - Snap Login KitUITests */,
				2C80DD5E23C7C6750018CF99 /* Products */,
			);
			sourceTree = "<group>";
		};
		2C80DD5E23C7C6750018CF99 /* Products */ = {
			isa = PBXGroup;
			children = (
				2C80DD5D23C7C6750018CF99 /* Focus Group - Snap Login Kit.app */,
				2C80DD7423C7C6780018CF99 /* Focus Group - Snap Login KitTests.xctest */,
				2C80DD7F23C7C6780018CF99 /* Focus Group - Snap Login KitUITests.xctest */,
			);
			name = Products;
			sourceTree = "<group>";
		};
		2C80DD5F23C7C6750018CF99 /* Focus Group - Snap Login Kit */ = {
			isa = PBXGroup;
			children = (
				2C80DD9123C7C6940018CF99 /* Classess */,
				2C80DD9223C7C82A0018CF99 /* Main.storyboard */,
				2C80DD6A23C7C6780018CF99 /* Assets.xcassets */,
				2C80DD6C23C7C6780018CF99 /* LaunchScreen.storyboard */,
				2C80DD6F23C7C6780018CF99 /* Info.plist */,
				2C80DD6723C7C6750018CF99 /* Focus_Group___Snap_Login_Kit.xcdatamodeld */,
			);
			path = "Focus Group - Snap Login Kit";
			sourceTree = "<group>";
		};
		2C80DD7723C7C6780018CF99 /* Focus Group - Snap Login KitTests */ = {
			isa = PBXGroup;
			children = (
				2C80DD7823C7C6780018CF99 /* Focus_Group___Snap_Login_KitTests.swift */,
				2C80DD7A23C7C6780018CF99 /* Info.plist */,
			);
			path = "Focus Group - Snap Login KitTests";
			sourceTree = "<group>";
		};
		2C80DD8223C7C6780018CF99 /* Focus Group - Snap Login KitUITests */ = {
			isa = PBXGroup;
			children = (
				2C80DD8323C7C6780018CF99 /* Focus_Group___Snap_Login_KitUITests.swift */,
				2C80DD8523C7C6780018CF99 /* Info.plist */,
			);
			path = "Focus Group - Snap Login KitUITests";
			sourceTree = "<group>";
		};
		2C80DD9123C7C6940018CF99 /* Classess */ = {
			isa = PBXGroup;
			children = (
				2C80DD6023C7C6750018CF99 /* AppDelegate.swift */,
				2C80DD6223C7C6750018CF99 /* LoginViewController.swift */,
			);
			path = Classess;
			sourceTree = "<group>";
		};
/* End PBXGroup section */

/* Begin PBXNativeTarget section */
		2C80DD5C23C7C6750018CF99 /* Focus Group - Snap Login Kit */ = {
			isa = PBXNativeTarget;
			buildConfigurationList = 2C80DD8823C7C6780018CF99 /* Build configuration list for PBXNativeTarget "Focus Group - Snap Login Kit" */;
			buildPhases = (
				2C80DD5923C7C6750018CF99 /* Sources */,
				2C80DD5A23C7C6750018CF99 /* Frameworks */,
				2C80DD5B23C7C6750018CF99 /* Resources */,
			);
			buildRules = (
			);
			dependencies = (
			);
			name = "Focus Group - Snap Login Kit";
			productName = "Focus Group - Snap Login Kit";
			productReference = 2C80DD5D23C7C6750018CF99 /* Focus Group - Snap Login Kit.app */;
			productType = "com.apple.product-type.application";
		};
		2C80DD7323C7C6780018CF99 /* Focus Group - Snap Login KitTests */ = {
			isa = PBXNativeTarget;
			buildConfigurationList = 2C80DD8B23C7C6780018CF99 /* Build configuration list for PBXNativeTarget "Focus Group - Snap Login KitTests" */;
			buildPhases = (
				2C80DD7023C7C6780018CF99 /* Sources */,
				2C80DD7123C7C6780018CF99 /* Frameworks */,
				2C80DD7223C7C6780018CF99 /* Resources */,
			);
			buildRules = (
			);
			dependencies = (
				2C80DD7623C7C6780018CF99 /* PBXTargetDependency */,
			);
			name = "Focus Group - Snap Login KitTests";
			productName = "Focus Group - Snap Login KitTests";
			productReference = 2C80DD7423C7C6780018CF99 /* Focus Group - Snap Login KitTests.xctest */;
			productType = "com.apple.product-type.bundle.unit-test";
		};
		2C80DD7E23C7C6780018CF99 /* Focus Group - Snap Login KitUITests */ = {
			isa = PBXNativeTarget;
			buildConfigurationList = 2C80DD8E23C7C6780018CF99 /* Build configuration list for PBXNativeTarget "Focus Group - Snap Login KitUITests" */;
			buildPhases = (
				2C80DD7B23C7C6780018CF99 /* Sources */,
				2C80DD7C23C7C6780018CF99 /* Frameworks */,
				2C80DD7D23C7C6780018CF99 /* Resources */,
			);
			buildRules = (
			);
			dependencies = (
				2C80DD8123C7C6780018CF99 /* PBXTargetDependency */,
			);
			name = "Focus Group - Snap Login KitUITests";
			productName = "Focus Group - Snap Login KitUITests";
			productReference = 2C80DD7F23C7C6780018CF99 /* Focus Group - Snap Login KitUITests.xctest */;
			productType = "com.apple.product-type.bundle.ui-testing";
		};
/* End PBXNativeTarget section */

/* Begin PBXProject section */
		2C80DD5523C7C6750018CF99 /* Project object */ = {
			isa = PBXProject;
			attributes = {
				LastSwiftUpdateCheck = 1020;
				LastUpgradeCheck = 1020;
				ORGANIZATIONNAME = MLH;
				TargetAttributes = {
					2C80DD5C23C7C6750018CF99 = {
						CreatedOnToolsVersion = 10.2.1;
					};
					2C80DD7323C7C6780018CF99 = {
						CreatedOnToolsVersion = 10.2.1;
						TestTargetID = 2C80DD5C23C7C6750018CF99;
					};
					2C80DD7E23C7C6780018CF99 = {
						CreatedOnToolsVersion = 10.2.1;
						TestTargetID = 2C80DD5C23C7C6750018CF99;
					};
				};
			};
			buildConfigurationList = 2C80DD5823C7C6750018CF99 /* Build configuration list for PBXProject "Focus Group - Snap Login Kit" */;
			compatibilityVersion = "Xcode 9.3";
			developmentRegion = en;
			hasScannedForEncodings = 0;
			knownRegions = (
				en,
				Base,
			);
			mainGroup = 2C80DD5423C7C6750018CF99;
			productRefGroup = 2C80DD5E23C7C6750018CF99 /* Products */;
			projectDirPath = "";
			projectRoot = "";
			targets = (
				2C80DD5C23C7C6750018CF99 /* Focus Group - Snap Login Kit */,
				2C80DD7323C7C6780018CF99 /* Focus Group - Snap Login KitTests */,
				2C80DD7E23C7C6780018CF99 /* Focus Group - Snap Login KitUITests */,
			);
		};
/* End PBXProject section */

/* Begin PBXResourcesBuildPhase section */
		2C80DD5B23C7C6750018CF99 /* Resources */ = {
			isa = PBXResourcesBuildPhase;
			buildActionMask = 2147483647;
			files = (
				2C80DD6E23C7C6780018CF99 /* LaunchScreen.storyboard in Resources */,
				2C80DD6B23C7C6780018CF99 /* Assets.xcassets in Resources */,
				2C80DD9323C7C82A0018CF99 /* Main.storyboard in Resources */,
			);
			runOnlyForDeploymentPostprocessing = 0;
		};
		2C80DD7223C7C6780018CF99 /* Resources */ = {
			isa = PBXResourcesBuildPhase;
			buildActionMask = 2147483647;
			files = (
			);
			runOnlyForDeploymentPostprocessing = 0;
		};
		2C80DD7D23C7C6780018CF99 /* Resources */ = {
			isa = PBXResourcesBuildPhase;
			buildActionMask = 2147483647;
			files = (
			);
			runOnlyForDeploymentPostprocessing = 0;
		};
/* End PBXResourcesBuildPhase section */

/* Begin PBXSourcesBuildPhase section */
		2C80DD5923C7C6750018CF99 /* Sources */ = {
			isa = PBXSourcesBuildPhase;
			buildActionMask = 2147483647;
			files = (
				2C80DD6323C7C6750018CF99 /* LoginViewController.swift in Sources */,
				2C80DD6923C7C6750018CF99 /* Focus_Group___Snap_Login_Kit.xcdatamodeld in Sources */,
				2C80DD6123C7C6750018CF99 /* AppDelegate.swift in Sources */,
			);
			runOnlyForDeploymentPostprocessing = 0;
		};
		2C80DD7023C7C6780018CF99 /* Sources */ = {
			isa = PBXSourcesBuildPhase;
			buildActionMask = 2147483647;
			files = (
				2C80DD7923C7C6780018CF99 /* Focus_Group___Snap_Login_KitTests.swift in Sources */,
			);
			runOnlyForDeploymentPostprocessing = 0;
		};
		2C80DD7B23C7C6780018CF99 /* Sources */ = {
			isa = PBXSourcesBuildPhase;
			buildActionMask = 2147483647;
			files = (
				2C80DD8423C7C6780018CF99 /* Focus_Group___Snap_Login_KitUITests.swift in Sources */,
			);
			runOnlyForDeploymentPostprocessing = 0;
		};
/* End PBXSourcesBuildPhase section */

/* Begin PBXTargetDependency section */
		2C80DD7623C7C6780018CF99 /* PBXTargetDependency */ = {
			isa = PBXTargetDependency;
			target = 2C80DD5C23C7C6750018CF99 /* Focus Group - Snap Login Kit */;
			targetProxy = 2C80DD7523C7C6780018CF99 /* PBXContainerItemProxy */;
		};
		2C80DD8123C7C6780018CF99 /* PBXTargetDependency */ = {
			isa = PBXTargetDependency;
			target = 2C80DD5C23C7C6750018CF99 /* Focus Group - Snap Login Kit */;
			targetProxy = 2C80DD8023C7C6780018CF99 /* PBXContainerItemProxy */;
		};
/* End PBXTargetDependency section */

/* Begin PBXVariantGroup section */
		2C80DD6C23C7C6780018CF99 /* LaunchScreen.storyboard */ = {
			isa = PBXVariantGroup;
			children = (
				2C80DD6D23C7C6780018CF99 /* Base */,
			);
			name = LaunchScreen.storyboard;
			sourceTree = "<group>";
		};
/* End PBXVariantGroup section */

/* Begin XCBuildConfiguration section */
		2C80DD8623C7C6780018CF99 /* Debug */ = {
			isa = XCBuildConfiguration;
			buildSettings = {
				ALWAYS_SEARCH_USER_PATHS = NO;
				CLANG_ANALYZER_NONNULL = YES;
				CLANG_ANALYZER_NUMBER_OBJECT_CONVERSION = YES_AGGRESSIVE;
				CLANG_CXX_LANGUAGE_STANDARD = "gnu++14";
				CLANG_CXX_LIBRARY = "libc++";
				CLANG_ENABLE_MODULES = YES;
				CLANG_ENABLE_OBJC_ARC = YES;
				CLANG_ENABLE_OBJC_WEAK = YES;
				CLANG_WARN_BLOCK_CAPTURE_AUTORELEASING = YES;
				CLANG_WARN_BOOL_CONVERSION = YES;
				CLANG_WARN_COMMA = YES;
				CLANG_WARN_CONSTANT_CONVERSION = YES;
				CLANG_WARN_DEPRECATED_OBJC_IMPLEMENTATIONS = YES;
				CLANG_WARN_DIRECT_OBJC_ISA_USAGE = YES_ERROR;
				CLANG_WARN_DOCUMENTATION_COMMENTS = YES;
				CLANG_WARN_EMPTY_BODY = YES;
				CLANG_WARN_ENUM_CONVERSION = YES;
				CLANG_WARN_INFINITE_RECURSION = YES;
				CLANG_WARN_INT_CONVERSION = YES;
				CLANG_WARN_NON_LITERAL_NULL_CONVERSION = YES;
				CLANG_WARN_OBJC_IMPLICIT_RETAIN_SELF = YES;
				CLANG_WARN_OBJC_LITERAL_CONVERSION = YES;
				CLANG_WARN_OBJC_ROOT_CLASS = YES_ERROR;
				CLANG_WARN_RANGE_LOOP_ANALYSIS = YES;
				CLANG_WARN_STRICT_PROTOTYPES = YES;
				CLANG_WARN_SUSPICIOUS_MOVE = YES;
				CLANG_WARN_UNGUARDED_AVAILABILITY = YES_AGGRESSIVE;
				CLANG_WARN_UNREACHABLE_CODE = YES;
				CLANG_WARN__DUPLICATE_METHOD_MATCH = YES;
				CODE_SIGN_IDENTITY = "iPhone Developer";
				COPY_PHASE_STRIP = NO;
				DEBUG_INFORMATION_FORMAT = dwarf;
				ENABLE_STRICT_OBJC_MSGSEND = YES;
				ENABLE_TESTABILITY = YES;
				GCC_C_LANGUAGE_STANDARD = gnu11;
				GCC_DYNAMIC_NO_PIC = NO;
				GCC_NO_COMMON_BLOCKS = YES;
				GCC_OPTIMIZATION_LEVEL = 0;
				GCC_PREPROCESSOR_DEFINITIONS = (
					"DEBUG=1",
					"$(inherited)",
				);
				GCC_WARN_64_TO_32_BIT_CONVERSION = YES;
				GCC_WARN_ABOUT_RETURN_TYPE = YES_ERROR;
				GCC_WARN_UNDECLARED_SELECTOR = YES;
				GCC_WARN_UNINITIALIZED_AUTOS = YES_AGGRESSIVE;
				GCC_WARN_UNUSED_FUNCTION = YES;
				GCC_WARN_UNUSED_VARIABLE = YES;
				IPHONEOS_DEPLOYMENT_TARGET = 12.2;
				MTL_ENABLE_DEBUG_INFO = INCLUDE_SOURCE;
				MTL_FAST_MATH = YES;
				ONLY_ACTIVE_ARCH = YES;
				SDKROOT = iphoneos;
				SWIFT_ACTIVE_COMPILATION_CONDITIONS = DEBUG;
				SWIFT_OPTIMIZATION_LEVEL = "-Onone";
			};
			name = Debug;
		};
		2C80DD8723C7C6780018CF99 /* Release */ = {
			isa = XCBuildConfiguration;
			buildSettings = {
				ALWAYS_SEARCH_USER_PATHS = NO;
				CLANG_ANALYZER_NONNULL = YES;
				CLANG_ANALYZER_NUMBER_OBJECT_CONVERSION = YES_AGGRESSIVE;
				CLANG_CXX_LANGUAGE_STANDARD = "gnu++14";
				CLANG_CXX_LIBRARY = "libc++";
				CLANG_ENABLE_MODULES = YES;
				CLANG_ENABLE_OBJC_ARC = YES;
				CLANG_ENABLE_OBJC_WEAK = YES;
				CLANG_WARN_BLOCK_CAPTURE_AUTORELEASING = YES;
				CLANG_WARN_BOOL_CONVERSION = YES;
				CLANG_WARN_COMMA = YES;
				CLANG_WARN_CONSTANT_CONVERSION = YES;
				CLANG_WARN_DEPRECATED_OBJC_IMPLEMENTATIONS = YES;
				CLANG_WARN_DIRECT_OBJC_ISA_USAGE = YES_ERROR;
				CLANG_WARN_DOCUMENTATION_COMMENTS = YES;
				CLANG_WARN_EMPTY_BODY = YES;
				CLANG_WARN_ENUM_CONVERSION = YES;
				CLANG_WARN_INFINITE_RECURSION = YES;
				CLANG_WARN_INT_CONVERSION = YES;
				CLANG_WARN_NON_LITERAL_NULL_CONVERSION = YES;
				CLANG_WARN_OBJC_IMPLICIT_RETAIN_SELF = YES;
				CLANG_WARN_OBJC_LITERAL_CONVERSION = YES;
				CLANG_WARN_OBJC_ROOT_CLASS = YES_ERROR;
				CLANG_WARN_RANGE_LOOP_ANALYSIS = YES;
				CLANG_WARN_STRICT_PROTOTYPES = YES;
				CLANG_WARN_SUSPICIOUS_MOVE = YES;
				CLANG_WARN_UNGUARDED_AVAILABILITY = YES_AGGRESSIVE;
				CLANG_WARN_UNREACHABLE_CODE = YES;
				CLANG_WARN__DUPLICATE_METHOD_MATCH = YES;
				CODE_SIGN_IDENTITY = "iPhone Developer";
				COPY_PHASE_STRIP = NO;
				DEBUG_INFORMATION_FORMAT = "dwarf-with-dsym";
				ENABLE_NS_ASSERTIONS = NO;
				ENABLE_STRICT_OBJC_MSGSEND = YES;
				GCC_C_LANGUAGE_STANDARD = gnu11;
				GCC_NO_COMMON_BLOCKS = YES;
				GCC_WARN_64_TO_32_BIT_CONVERSION = YES;
				GCC_WARN_ABOUT_RETURN_TYPE = YES_ERROR;
				GCC_WARN_UNDECLARED_SELECTOR = YES;
				GCC_WARN_UNINITIALIZED_AUTOS = YES_AGGRESSIVE;
				GCC_WARN_UNUSED_FUNCTION = YES;
				GCC_WARN_UNUSED_VARIABLE = YES;
				IPHONEOS_DEPLOYMENT_TARGET = 12.2;
				MTL_ENABLE_DEBUG_INFO = NO;
				MTL_FAST_MATH = YES;
				SDKROOT = iphoneos;
				SWIFT_COMPILATION_MODE = wholemodule;
				SWIFT_OPTIMIZATION_LEVEL = "-O";
				VALIDATE_PRODUCT = YES;
			};
			name = Release;
		};
		2C80DD8923C7C6780018CF99 /* Debug */ = {
			isa = XCBuildConfiguration;
			buildSettings = {
				ASSETCATALOG_COMPILER_APPICON_NAME = AppIcon;
				CODE_SIGN_STYLE = Automatic;
				INFOPLIST_FILE = "Focus Group - Snap Login Kit/Info.plist";
				LD_RUNPATH_SEARCH_PATHS = (
					"$(inherited)",
					"@executable_path/Frameworks",
				);
				PRODUCT_BUNDLE_IDENTIFIER = "MLH.Focus-Group---Snap-Login-Kit";
				PRODUCT_NAME = "$(TARGET_NAME)";
				SWIFT_VERSION = 5.0;
				TARGETED_DEVICE_FAMILY = "1,2";
			};
			name = Debug;
		};
		2C80DD8A23C7C6780018CF99 /* Release */ = {
			isa = XCBuildConfiguration;
			buildSettings = {
				ASSETCATALOG_COMPILER_APPICON_NAME = AppIcon;
				CODE_SIGN_STYLE = Automatic;
				INFOPLIST_FILE = "Focus Group - Snap Login Kit/Info.plist";
				LD_RUNPATH_SEARCH_PATHS = (
					"$(inherited)",
					"@executable_path/Frameworks",
				);
				PRODUCT_BUNDLE_IDENTIFIER = "MLH.Focus-Group---Snap-Login-Kit";
				PRODUCT_NAME = "$(TARGET_NAME)";
				SWIFT_VERSION = 5.0;
				TARGETED_DEVICE_FAMILY = "1,2";
			};
			name = Release;
		};
		2C80DD8C23C7C6780018CF99 /* Debug */ = {
			isa = XCBuildConfiguration;
			buildSettings = {
				ALWAYS_EMBED_SWIFT_STANDARD_LIBRARIES = YES;
				BUNDLE_LOADER = "$(TEST_HOST)";
				CODE_SIGN_STYLE = Automatic;
				INFOPLIST_FILE = "Focus Group - Snap Login KitTests/Info.plist";
				LD_RUNPATH_SEARCH_PATHS = (
					"$(inherited)",
					"@executable_path/Frameworks",
					"@loader_path/Frameworks",
				);
				PRODUCT_BUNDLE_IDENTIFIER = "MLH.Focus-Group---Snap-Login-KitTests";
				PRODUCT_NAME = "$(TARGET_NAME)";
				SWIFT_VERSION = 5.0;
				TARGETED_DEVICE_FAMILY = "1,2";
				TEST_HOST = "$(BUILT_PRODUCTS_DIR)/Focus Group - Snap Login Kit.app/Focus Group - Snap Login Kit";
			};
			name = Debug;
		};
		2C80DD8D23C7C6780018CF99 /* Release */ = {
			isa = XCBuildConfiguration;
			buildSettings = {
				ALWAYS_EMBED_SWIFT_STANDARD_LIBRARIES = YES;
				BUNDLE_LOADER = "$(TEST_HOST)";
				CODE_SIGN_STYLE = Automatic;
				INFOPLIST_FILE = "Focus Group - Snap Login KitTests/Info.plist";
				LD_RUNPATH_SEARCH_PATHS = (
					"$(inherited)",
					"@executable_path/Frameworks",
					"@loader_path/Frameworks",
				);
				PRODUCT_BUNDLE_IDENTIFIER = "MLH.Focus-Group---Snap-Login-KitTests";
				PRODUCT_NAME = "$(TARGET_NAME)";
				SWIFT_VERSION = 5.0;
				TARGETED_DEVICE_FAMILY = "1,2";
				TEST_HOST = "$(BUILT_PRODUCTS_DIR)/Focus Group - Snap Login Kit.app/Focus Group - Snap Login Kit";
			};
			name = Release;
		};
		2C80DD8F23C7C6780018CF99 /* Debug */ = {
			isa = XCBuildConfiguration;
			buildSettings = {
				ALWAYS_EMBED_SWIFT_STANDARD_LIBRARIES = YES;
				CODE_SIGN_STYLE = Automatic;
				INFOPLIST_FILE = "Focus Group - Snap Login KitUITests/Info.plist";
				LD_RUNPATH_SEARCH_PATHS = (
					"$(inherited)",
					"@executable_path/Frameworks",
					"@loader_path/Frameworks",
				);
				PRODUCT_BUNDLE_IDENTIFIER = "MLH.Focus-Group---Snap-Login-KitUITests";
				PRODUCT_NAME = "$(TARGET_NAME)";
				SWIFT_VERSION = 5.0;
				TARGETED_DEVICE_FAMILY = "1,2";
				TEST_TARGET_NAME = "Focus Group - Snap Login Kit";
			};
			name = Debug;
		};
		2C80DD9023C7C6780018CF99 /* Release */ = {
			isa = XCBuildConfiguration;
			buildSettings = {
				ALWAYS_EMBED_SWIFT_STANDARD_LIBRARIES = YES;
				CODE_SIGN_STYLE = Automatic;
				INFOPLIST_FILE = "Focus Group - Snap Login KitUITests/Info.plist";
				LD_RUNPATH_SEARCH_PATHS = (
					"$(inherited)",
					"@executable_path/Frameworks",
					"@loader_path/Frameworks",
				);
				PRODUCT_BUNDLE_IDENTIFIER = "MLH.Focus-Group---Snap-Login-KitUITests";
				PRODUCT_NAME = "$(TARGET_NAME)";
				SWIFT_VERSION = 5.0;
				TARGETED_DEVICE_FAMILY = "1,2";
				TEST_TARGET_NAME = "Focus Group - Snap Login Kit";
			};
			name = Release;
		};
/* End XCBuildConfiguration section */

/* Begin XCConfigurationList section */
		2C80DD5823C7C6750018CF99 /* Build configuration list for PBXProject "Focus Group - Snap Login Kit" */ = {
			isa = XCConfigurationList;
			buildConfigurations = (
				2C80DD8623C7C6780018CF99 /* Debug */,
				2C80DD8723C7C6780018CF99 /* Release */,
			);
			defaultConfigurationIsVisible = 0;
			defaultConfigurationName = Release;
		};
		2C80DD8823C7C6780018CF99 /* Build configuration list for PBXNativeTarget "Focus Group - Snap Login Kit" */ = {
			isa = XCConfigurationList;
			buildConfigurations = (
				2C80DD8923C7C6780018CF99 /* Debug */,
				2C80DD8A23C7C6780018CF99 /* Release */,
			);
			defaultConfigurationIsVisible = 0;
			defaultConfigurationName = Release;
		};
		2C80DD8B23C7C6780018CF99 /* Build configuration list for PBXNativeTarget "Focus Group - Snap Login KitTests" */ = {
			isa = XCConfigurationList;
			buildConfigurations = (
				2C80DD8C23C7C6780018CF99 /* Debug */,
				2C80DD8D23C7C6780018CF99 /* Release */,
			);
			defaultConfigurationIsVisible = 0;
			defaultConfigurationName = Release;
		};
		2C80DD8E23C7C6780018CF99 /* Build configuration list for PBXNativeTarget "Focus Group - Snap Login KitUITests" */ = {
			isa = XCConfigurationList;
			buildConfigurations = (
				2C80DD8F23C7C6780018CF99 /* Debug */,
				2C80DD9023C7C6780018CF99 /* Release */,
			);
			defaultConfigurationIsVisible = 0;
			defaultConfigurationName = Release;
		};
/* End XCConfigurationList section */

/* Begin XCVersionGroup section */
		2C80DD6723C7C6750018CF99 /* Focus_Group___Snap_Login_Kit.xcdatamodeld */ = {
			isa = XCVersionGroup;
			children = (
				2C80DD6823C7C6750018CF99 /* Focus_Group___Snap_Login_Kit.xcdatamodel */,
			);
			currentVersion = 2C80DD6823C7C6750018CF99 /* Focus_Group___Snap_Login_Kit.xcdatamodel */;
			path = "Focus_Group___Snap_Login_Kit.xcdatamodeld";
			sourceTree = "<group>";
			versionGroupType = wrapper.xcdatamodel;
		};
/* End XCVersionGroup section */
	};
	rootObject = 2C80DD5523C7C6750018CF99 /* Project object */;
}
